<Solution>
  <Configurations>
    <Platform Name="Any CPU" />
    <Platform Name="x64" />
    <Platform Name="x86" />
  </Configurations>
  <Project Path="EventPublisher/EventPublisher.csproj" />
  <Project Path="PaymentsApi/PaymentsApi.csproj" />
  <Project Path="Shared.Contracts/Shared.Contracts.csproj" />
</Solution>
